
Microsoft Visual Studio Solution File, Format Version 12.00
# Visual Studio 14
VisualStudioVersion = 14.0.25420.1
MinimumVisualStudioVersion = 10.0.40219.1
Project("{2150E333-8FDC-42A3-9474-1A3956D46DE8}") = "Test", "Test", "{12BBD80E-A75C-4EEC-A152-1CE905547793}"
EndProject
Project("{2150E333-8FDC-42A3-9474-1A3956D46DE8}") = "App", "App", "{31EDEAB4-F63A-41DD-AD3D-4D5A5BE3EAB1}"
EndProject
Project("{FAE04EC0-301F-11D3-BF4B-00C04F79EFBC}") = "Host", "Host\Host.csproj", "{FCE629AE-F2F8-431E-9C5D-E92A363BFC3A}"
EndProject
Project("{FAE04EC0-301F-11D3-BF4B-00C04F79EFBC}") = "Infrastructure", "Infrastructure\Infrastructure.csproj", "{8CBE729C-255B-42BD-894E-386F5BDF273F}"
EndProject
Project("{FAE04EC0-301F-11D3-BF4B-00C04F79EFBC}") = "Common", "Common\Common.csproj", "{A2EF71FF-C58E-4860-B67B-242990C0074C}"
EndProject
Project("{FAE04EC0-301F-11D3-BF4B-00C04F79EFBC}") = "Modules", "Modules\Modules.csproj", "{844497D1-3C61-475B-BAB8-FA8CFF8227C3}"
EndProject
Project("{FAE04EC0-301F-11D3-BF4B-00C04F79EFBC}") = "Domain", "Domain\Domain.csproj", "{0E4E670B-4E8B-4F68-9809-BE4A346F5536}"
EndProject
Project("{FAE04EC0-301F-11D3-BF4B-00C04F79EFBC}") = "Data", "Data\Data.csproj", "{28D46BB1-C11D-4CB3-8706-E3B30E506CE8}"
EndProject
Project("{FAE04EC0-301F-11D3-BF4B-00C04F79EFBC}") = "Queries", "Queries\Queries.csproj", "{EDDBDF4C-51CA-4C52-B245-C0DCB899265E}"
EndProject
Project("{FAE04EC0-301F-11D3-BF4B-00C04F79EFBC}") = "Client", "Client\Client.csproj", "{F6969FFB-2467-4507-997F-9402CCEE2737}"
EndProject
Global
	GlobalSection(SolutionConfigurationPlatforms) = preSolution
		Debug|Any CPU = Debug|Any CPU
		Release|Any CPU = Release|Any CPU
	EndGlobalSection
	GlobalSection(ProjectConfigurationPlatforms) = postSolution
		{FCE629AE-F2F8-431E-9C5D-E92A363BFC3A}.Debug|Any CPU.ActiveCfg = Debug|Any CPU
		{FCE629AE-F2F8-431E-9C5D-E92A363BFC3A}.Debug|Any CPU.Build.0 = Debug|Any CPU
		{FCE629AE-F2F8-431E-9C5D-E92A363BFC3A}.Release|Any CPU.ActiveCfg = Release|Any CPU
		{FCE629AE-F2F8-431E-9C5D-E92A363BFC3A}.Release|Any CPU.Build.0 = Release|Any CPU
		{8CBE729C-255B-42BD-894E-386F5BDF273F}.Debug|Any CPU.ActiveCfg = Debug|Any CPU
		{8CBE729C-255B-42BD-894E-386F5BDF273F}.Debug|Any CPU.Build.0 = Debug|Any CPU
		{8CBE729C-255B-42BD-894E-386F5BDF273F}.Release|Any CPU.ActiveCfg = Release|Any CPU
		{8CBE729C-255B-42BD-894E-386F5BDF273F}.Release|Any CPU.Build.0 = Release|Any CPU
		{A2EF71FF-C58E-4860-B67B-242990C0074C}.Debug|Any CPU.ActiveCfg = Debug|Any CPU
		{A2EF71FF-C58E-4860-B67B-242990C0074C}.Debug|Any CPU.Build.0 = Debug|Any CPU
		{A2EF71FF-C58E-4860-B67B-242990C0074C}.Release|Any CPU.ActiveCfg = Release|Any CPU
		{A2EF71FF-C58E-4860-B67B-242990C0074C}.Release|Any CPU.Build.0 = Release|Any CPU
		{844497D1-3C61-475B-BAB8-FA8CFF8227C3}.Debug|Any CPU.ActiveCfg = Debug|Any CPU
		{844497D1-3C61-475B-BAB8-FA8CFF8227C3}.Debug|Any CPU.Build.0 = Debug|Any CPU
		{844497D1-3C61-475B-BAB8-FA8CFF8227C3}.Release|Any CPU.ActiveCfg = Release|Any CPU
		{844497D1-3C61-475B-BAB8-FA8CFF8227C3}.Release|Any CPU.Build.0 = Release|Any CPU
		{0E4E670B-4E8B-4F68-9809-BE4A346F5536}.Debug|Any CPU.ActiveCfg = Debug|Any CPU
		{0E4E670B-4E8B-4F68-9809-BE4A346F5536}.Debug|Any CPU.Build.0 = Debug|Any CPU
		{0E4E670B-4E8B-4F68-9809-BE4A346F5536}.Release|Any CPU.ActiveCfg = Release|Any CPU
		{0E4E670B-4E8B-4F68-9809-BE4A346F5536}.Release|Any CPU.Build.0 = Release|Any CPU
		{28D46BB1-C11D-4CB3-8706-E3B30E506CE8}.Debug|Any CPU.ActiveCfg = Debug|Any CPU
		{28D46BB1-C11D-4CB3-8706-E3B30E506CE8}.Debug|Any CPU.Build.0 = Debug|Any CPU
		{28D46BB1-C11D-4CB3-8706-E3B30E506CE8}.Release|Any CPU.ActiveCfg = Release|Any CPU
		{28D46BB1-C11D-4CB3-8706-E3B30E506CE8}.Release|Any CPU.Build.0 = Release|Any CPU
		{EDDBDF4C-51CA-4C52-B245-C0DCB899265E}.Debug|Any CPU.ActiveCfg = Debug|Any CPU
		{EDDBDF4C-51CA-4C52-B245-C0DCB899265E}.Debug|Any CPU.Build.0 = Debug|Any CPU
		{EDDBDF4C-51CA-4C52-B245-C0DCB899265E}.Release|Any CPU.ActiveCfg = Release|Any CPU
		{EDDBDF4C-51CA-4C52-B245-C0DCB899265E}.Release|Any CPU.Build.0 = Release|Any CPU
		{F6969FFB-2467-4507-997F-9402CCEE2737}.Debug|Any CPU.ActiveCfg = Debug|Any CPU
		{F6969FFB-2467-4507-997F-9402CCEE2737}.Debug|Any CPU.Build.0 = Debug|Any CPU
		{F6969FFB-2467-4507-997F-9402CCEE2737}.Release|Any CPU.ActiveCfg = Release|Any CPU
		{F6969FFB-2467-4507-997F-9402CCEE2737}.Release|Any CPU.Build.0 = Release|Any CPU
	EndGlobalSection
	GlobalSection(SolutionProperties) = preSolution
		HideSolutionNode = FALSE
	EndGlobalSection
	GlobalSection(NestedProjects) = preSolution
		{844497D1-3C61-475B-BAB8-FA8CFF8227C3} = {31EDEAB4-F63A-41DD-AD3D-4D5A5BE3EAB1}
		{0E4E670B-4E8B-4F68-9809-BE4A346F5536} = {31EDEAB4-F63A-41DD-AD3D-4D5A5BE3EAB1}
		{28D46BB1-C11D-4CB3-8706-E3B30E506CE8} = {31EDEAB4-F63A-41DD-AD3D-4D5A5BE3EAB1}
		{EDDBDF4C-51CA-4C52-B245-C0DCB899265E} = {31EDEAB4-F63A-41DD-AD3D-4D5A5BE3EAB1}
	EndGlobalSection
EndGlobal
